// !$*UTF8*$!
{
	archiveVersion = 1;
	classes = {
	};
	objectVersion = 50;
	objects = {

/* Begin PBXBuildFile section */
		B23BEA3921F68C070020AC1E /* AppDelegate.m in Sources */ = {isa = PBXBuildFile; fileRef = B23BEA3821F68C070020AC1E /* AppDelegate.m */; };
		B23BEA3C21F68C070020AC1E /* ViewController.m in Sources */ = {isa = PBXBuildFile; fileRef = B23BEA3B21F68C070020AC1E /* ViewController.m */; };
		B23BEA3F21F68C070020AC1E /* Main.storyboard in Resources */ = {isa = PBXBuildFile; fileRef = B23BEA3D21F68C070020AC1E /* Main.storyboard */; };
		B23BEA4121F68C080020AC1E /* Assets.xcassets in Resources */ = {isa = PBXBuildFile; fileRef = B23BEA4021F68C080020AC1E /* Assets.xcassets */; };
		B23BEA4421F68C080020AC1E /* LaunchScreen.storyboard in Resources */ = {isa = PBXBuildFile; fileRef = B23BEA4221F68C080020AC1E /* LaunchScreen.storyboard */; };
		B23BEA4721F68C080020AC1E /* main.m in Sources */ = {isa = PBXBuildFile; fileRef = B23BEA4621F68C080020AC1E /* main.m */; };
		B23BEA5121F68C080020AC1E /* ScrollViewImageGalleriesTests.m in Sources */ = {isa = PBXBuildFile; fileRef = B23BEA5021F68C080020AC1E /* ScrollViewImageGalleriesTests.m */; };
		B23BEA5C21F68C080020AC1E /* ScrollViewImageGalleriesUITests.m in Sources */ = {isa = PBXBuildFile; fileRef = B23BEA5B21F68C080020AC1E /* ScrollViewImageGalleriesUITests.m */; };
		B23BEA6B21F6A1440020AC1E /* SecondViewController.m in Sources */ = {isa = PBXBuildFile; fileRef = B23BEA6A21F6A1440020AC1E /* SecondViewController.m */; };
/* End PBXBuildFile section */

/* Begin PBXContainerItemProxy section */
		B23BEA4D21F68C080020AC1E /* PBXContainerItemProxy */ = {
			isa = PBXContainerItemProxy;
			containerPortal = B23BEA2C21F68C070020AC1E /* Project object */;
			proxyType = 1;
			remoteGlobalIDString = B23BEA3321F68C070020AC1E;
			remoteInfo = ScrollViewImageGalleries;
		};
		B23BEA5821F68C080020AC1E /* PBXContainerItemProxy */ = {
			isa = PBXContainerItemProxy;
			containerPortal = B23BEA2C21F68C070020AC1E /* Project object */;
			proxyType = 1;
			remoteGlobalIDString = B23BEA3321F68C070020AC1E;
			remoteInfo = ScrollViewImageGalleries;
		};
/* End PBXContainerItemProxy section */

/* Begin PBXFileReference section */
		B23BEA3421F68C070020AC1E /* ScrollViewImageGalleries.app */ = {isa = PBXFileReference; explicitFileType = wrapper.application; includeInIndex = 0; path = ScrollViewImageGalleries.app; sourceTree = BUILT_PRODUCTS_DIR; };
		B23BEA3721F68C070020AC1E /* AppDelegate.h */ = {isa = PBXFileReference; lastKnownFileType = sourcecode.c.h; path = AppDelegate.h; sourceTree = "<group>"; };
		B23BEA3821F68C070020AC1E /* AppDelegate.m */ = {isa = PBXFileReference; lastKnownFileType = sourcecode.c.objc; path = AppDelegate.m; sourceTree = "<group>"; };
		B23BEA3A21F68C070020AC1E /* ViewController.h */ = {isa = PBXFileReference; lastKnownFileType = sourcecode.c.h; path = ViewController.h; sourceTree = "<group>"; };
		B23BEA3B21F68C070020AC1E /* ViewController.m */ = {isa = PBXFileReference; lastKnownFileType = sourcecode.c.objc; path = ViewController.m; sourceTree = "<group>"; };
		B23BEA3E21F68C070020AC1E /* Base */ = {isa = PBXFileReference; lastKnownFileType = file.storyboard; name = Base; path = Base.lproj/Main.storyboard; sourceTree = "<group>"; };
		B23BEA4021F68C080020AC1E /* Assets.xcassets */ = {isa = PBXFileReference; lastKnownFileType = folder.assetcatalog; path = Assets.xcassets; sourceTree = "<group>"; };
		B23BEA4321F68C080020AC1E /* Base */ = {isa = PBXFileReference; lastKnownFileType = file.storyboard; name = Base; path = Base.lproj/LaunchScreen.storyboard; sourceTree = "<group>"; };
		B23BEA4521F68C080020AC1E /* Info.plist */ = {isa = PBXFileReference; lastKnownFileType = text.plist.xml; path = Info.plist; sourceTree = "<group>"; };
		B23BEA4621F68C080020AC1E /* main.m */ = {isa = PBXFileReference; lastKnownFileType = sourcecode.c.objc; path = main.m; sourceTree = "<group>"; };
		B23BEA4C21F68C080020AC1E /* ScrollViewImageGalleriesTests.xctest */ = {isa = PBXFileReference; explicitFileType = wrapper.cfbundle; includeInIndex = 0; path = ScrollViewImageGalleriesTests.xctest; sourceTree = BUILT_PRODUCTS_DIR; };
		B23BEA5021F68C080020AC1E /* ScrollViewImageGalleriesTests.m */ = {isa = PBXFileReference; lastKnownFileType = sourcecode.c.objc; path = ScrollViewImageGalleriesTests.m; sourceTree = "<group>"; };
		B23BEA5221F68C080020AC1E /* Info.plist */ = {isa = PBXFileReference; lastKnownFileType = text.plist.xml; path = Info.plist; sourceTree = "<group>"; };
		B23BEA5721F68C080020AC1E /* ScrollViewImageGalleriesUITests.xctest */ = {isa = PBXFileReference; explicitFileType = wrapper.cfbundle; includeInIndex = 0; path = ScrollViewImageGalleriesUITests.xctest; sourceTree = BUILT_PRODUCTS_DIR; };
		B23BEA5B21F68C080020AC1E /* ScrollViewImageGalleriesUITests.m */ = {isa = PBXFileReference; lastKnownFileType = sourcecode.c.objc; path = ScrollViewImageGalleriesUITests.m; sourceTree = "<group>"; };
		B23BEA5D21F68C080020AC1E /* Info.plist */ = {isa = PBXFileReference; lastKnownFileType = text.plist.xml; path = Info.plist; sourceTree = "<group>"; };
		B23BEA6921F6A1440020AC1E /* SecondViewController.h */ = {isa = PBXFileReference; lastKnownFileType = sourcecode.c.h; path = SecondViewController.h; sourceTree = "<group>"; };
		B23BEA6A21F6A1440020AC1E /* SecondViewController.m */ = {isa = PBXFileReference; lastKnownFileType = sourcecode.c.objc; path = SecondViewController.m; sourceTree = "<group>"; };
/* End PBXFileReference section */

/* Begin PBXFrameworksBuildPhase section */
		B23BEA3121F68C070020AC1E /* Frameworks */ = {
			isa = PBXFrameworksBuildPhase;
			buildActionMask = 2147483647;
			files = (
			);
			runOnlyForDeploymentPostprocessing = 0;
		};
		B23BEA4921F68C080020AC1E /* Frameworks */ = {
			isa = PBXFrameworksBuildPhase;
			buildActionMask = 2147483647;
			files = (
			);
			runOnlyForDeploymentPostprocessing = 0;
		};
		B23BEA5421F68C080020AC1E /* Frameworks */ = {
			isa = PBXFrameworksBuildPhase;
			buildActionMask = 2147483647;
			files = (
			);
			runOnlyForDeploymentPostprocessing = 0;
		};
/* End PBXFrameworksBuildPhase section */

/* Begin PBXGroup section */
		B23BEA2B21F68C070020AC1E = {
			isa = PBXGroup;
			children = (
				B23BEA3621F68C070020AC1E /* ScrollViewImageGalleries */,
				B23BEA4F21F68C080020AC1E /* ScrollViewImageGalleriesTests */,
				B23BEA5A21F68C080020AC1E /* ScrollViewImageGalleriesUITests */,
				B23BEA3521F68C070020AC1E /* Products */,
			);
			sourceTree = "<group>";
		};
		B23BEA3521F68C070020AC1E /* Products */ = {
			isa = PBXGroup;
			children = (
				B23BEA3421F68C070020AC1E /* ScrollViewImageGalleries.app */,
				B23BEA4C21F68C080020AC1E /* ScrollViewImageGalleriesTests.xctest */,
				B23BEA5721F68C080020AC1E /* ScrollViewImageGalleriesUITests.xctest */,
			);
			name = Products;
			sourceTree = "<group>";
		};
		B23BEA3621F68C070020AC1E /* ScrollViewImageGalleries */ = {
			isa = PBXGroup;
			children = (
				B23BEA3721F68C070020AC1E /* AppDelegate.h */,
				B23BEA3821F68C070020AC1E /* AppDelegate.m */,
				B23BEA3A21F68C070020AC1E /* ViewController.h */,
				B23BEA6921F6A1440020AC1E /* SecondViewController.h */,
				B23BEA6A21F6A1440020AC1E /* SecondViewController.m */,
				B23BEA3B21F68C070020AC1E /* ViewController.m */,
				B23BEA3D21F68C070020AC1E /* Main.storyboard */,
				B23BEA4021F68C080020AC1E /* Assets.xcassets */,
				B23BEA4221F68C080020AC1E /* LaunchScreen.storyboard */,
				B23BEA4521F68C080020AC1E /* Info.plist */,
				B23BEA4621F68C080020AC1E /* main.m */,
			);
			path = ScrollViewImageGalleries;
			sourceTree = "<group>";
		};
		B23BEA4F21F68C080020AC1E /* ScrollViewImageGalleriesTests */ = {
			isa = PBXGroup;
			children = (
				B23BEA5021F68C080020AC1E /* ScrollViewImageGalleriesTests.m */,
				B23BEA5221F68C080020AC1E /* Info.plist */,
			);
			path = ScrollViewImageGalleriesTests;
			sourceTree = "<group>";
		};
		B23BEA5A21F68C080020AC1E /* ScrollViewImageGalleriesUITests */ = {
			isa = PBXGroup;
			children = (
				B23BEA5B21F68C080020AC1E /* ScrollViewImageGalleriesUITests.m */,
				B23BEA5D21F68C080020AC1E /* Info.plist */,
			);
			path = ScrollViewImageGalleriesUITests;
			sourceTree = "<group>";
		};
/* End PBXGroup section */

/* Begin PBXNativeTarget section */
		B23BEA3321F68C070020AC1E /* ScrollViewImageGalleries */ = {
			isa = PBXNativeTarget;
			buildConfigurationList = B23BEA6021F68C080020AC1E /* Build configuration list for PBXNativeTarget "ScrollViewImageGalleries" */;
			buildPhases = (
				B23BEA3021F68C070020AC1E /* Sources */,
				B23BEA3121F68C070020AC1E /* Frameworks */,
				B23BEA3221F68C070020AC1E /* Resources */,
			);
			buildRules = (
			);
			dependencies = (
			);
			name = ScrollViewImageGalleries;
			productName = ScrollViewImageGalleries;
			productReference = B23BEA3421F68C070020AC1E /* ScrollViewImageGalleries.app */;
			productType = "com.apple.product-type.application";
		};
		B23BEA4B21F68C080020AC1E /* ScrollViewImageGalleriesTests */ = {
			isa = PBXNativeTarget;
			buildConfigurationList = B23BEA6321F68C080020AC1E /* Build configuration list for PBXNativeTarget "ScrollViewImageGalleriesTests" */;
			buildPhases = (
				B23BEA4821F68C080020AC1E /* Sources */,
				B23BEA4921F68C080020AC1E /* Frameworks */,
				B23BEA4A21F68C080020AC1E /* Resources */,
			);
			buildRules = (
			);
			dependencies = (
				B23BEA4E21F68C080020AC1E /* PBXTargetDependency */,
			);
			name = ScrollViewImageGalleriesTests;
			productName = ScrollViewImageGalleriesTests;
			productReference = B23BEA4C21F68C080020AC1E /* ScrollViewImageGalleriesTests.xctest */;
			productType = "com.apple.product-type.bundle.unit-test";
		};
		B23BEA5621F68C080020AC1E /* ScrollViewImageGalleriesUITests */ = {
			isa = PBXNativeTarget;
			buildConfigurationList = B23BEA6621F68C080020AC1E /* Build configuration list for PBXNativeTarget "ScrollViewImageGalleriesUITests" */;
			buildPhases = (
				B23BEA5321F68C080020AC1E /* Sources */,
				B23BEA5421F68C080020AC1E /* Frameworks */,
				B23BEA5521F68C080020AC1E /* Resources */,
			);
			buildRules = (
			);
			dependencies = (
				B23BEA5921F68C080020AC1E /* PBXTargetDependency */,
			);
			name = ScrollViewImageGalleriesUITests;
			productName = ScrollViewImageGalleriesUITests;
			productReference = B23BEA5721F68C080020AC1E /* ScrollViewImageGalleriesUITests.xctest */;
			productType = "com.apple.product-type.bundle.ui-testing";
		};
/* End PBXNativeTarget section */

/* Begin PBXProject section */
		B23BEA2C21F68C070020AC1E /* Project object */ = {
			isa = PBXProject;
			attributes = {
				LastUpgradeCheck = 1010;
				ORGANIZATIONNAME = "Jenny Chang";
				TargetAttributes = {
					B23BEA3321F68C070020AC1E = {
						CreatedOnToolsVersion = 10.1;
					};
					B23BEA4B21F68C080020AC1E = {
						CreatedOnToolsVersion = 10.1;
						TestTargetID = B23BEA3321F68C070020AC1E;
					};
					B23BEA5621F68C080020AC1E = {
						CreatedOnToolsVersion = 10.1;
						TestTargetID = B23BEA3321F68C070020AC1E;
					};
				};
			};
			buildConfigurationList = B23BEA2F21F68C070020AC1E /* Build configuration list for PBXProject "ScrollViewImageGalleries" */;
			compatibilityVersion = "Xcode 9.3";
			developmentRegion = en;
			hasScannedForEncodings = 0;
			knownRegions = (
				en,
				Base,
			);
			mainGroup = B23BEA2B21F68C070020AC1E;
			productRefGroup = B23BEA3521F68C070020AC1E /* Products */;
			projectDirPath = "";
			projectRoot = "";
			targets = (
				B23BEA3321F68C070020AC1E /* ScrollViewImageGalleries */,
				B23BEA4B21F68C080020AC1E /* ScrollViewImageGalleriesTests */,
				B23BEA5621F68C080020AC1E /* ScrollViewImageGalleriesUITests */,
			);
		};
/* End PBXProject section */

/* Begin PBXResourcesBuildPhase section */
		B23BEA3221F68C070020AC1E /* Resources */ = {
			isa = PBXResourcesBuildPhase;
			buildActionMask = 2147483647;
			files = (
				B23BEA4421F68C080020AC1E /* LaunchScreen.storyboard in Resources */,
				B23BEA4121F68C080020AC1E /* Assets.xcassets in Resources */,
				B23BEA3F21F68C070020AC1E /* Main.storyboard in Resources */,
			);
			runOnlyForDeploymentPostprocessing = 0;
		};
		B23BEA4A21F68C080020AC1E /* Resources */ = {
			isa = PBXResourcesBuildPhase;
			buildActionMask = 2147483647;
			files = (
			);
			runOnlyForDeploymentPostprocessing = 0;
		};
		B23BEA5521F68C080020AC1E /* Resources */ = {
			isa = PBXResourcesBuildPhase;
			buildActionMask = 2147483647;
			files = (
			);
			runOnlyForDeploymentPostprocessing = 0;
		};
/* End PBXResourcesBuildPhase section */

/* Begin PBXSourcesBuildPhase section */
		B23BEA3021F68C070020AC1E /* Sources */ = {
			isa = PBXSourcesBuildPhase;
			buildActionMask = 2147483647;
			files = (
				B23BEA6B21F6A1440020AC1E /* SecondViewController.m in Sources */,
				B23BEA3C21F68C070020AC1E /* ViewController.m in Sources */,
				B23BEA4721F68C080020AC1E /* main.m in Sources */,
				B23BEA3921F68C070020AC1E /* AppDelegate.m in Sources */,
			);
			runOnlyForDeploymentPostprocessing = 0;
		};
		B23BEA4821F68C080020AC1E /* Sources */ = {
			isa = PBXSourcesBuildPhase;
			buildActionMask = 2147483647;
			files = (
				B23BEA5121F68C080020AC1E /* ScrollViewImageGalleriesTests.m in Sources */,
			);
			runOnlyForDeploymentPostprocessing = 0;
		};
		B23BEA5321F68C080020AC1E /* Sources */ = {
			isa = PBXSourcesBuildPhase;
			buildActionMask = 2147483647;
			files = (
				B23BEA5C21F68C080020AC1E /* ScrollViewImageGalleriesUITests.m in Sources */,
			);
			runOnlyForDeploymentPostprocessing = 0;
		};
/* End PBXSourcesBuildPhase section */

/* Begin PBXTargetDependency section */
		B23BEA4E21F68C080020AC1E /* PBXTargetDependency */ = {
			isa = PBXTargetDependency;
			target = B23BEA3321F68C070020AC1E /* ScrollViewImageGalleries */;
			targetProxy = B23BEA4D21F68C080020AC1E /* PBXContainerItemProxy */;
		};
		B23BEA5921F68C080020AC1E /* PBXTargetDependency */ = {
			isa = PBXTargetDependency;
			target = B23BEA3321F68C070020AC1E /* ScrollViewImageGalleries */;
			targetProxy = B23BEA5821F68C080020AC1E /* PBXContainerItemProxy */;
		};
/* End PBXTargetDependency section */

/* Begin PBXVariantGroup section */
		B23BEA3D21F68C070020AC1E /* Main.storyboard */ = {
			isa = PBXVariantGroup;
			children = (
				B23BEA3E21F68C070020AC1E /* Base */,
			);
			name = Main.storyboard;
			sourceTree = "<group>";
		};
		B23BEA4221F68C080020AC1E /* LaunchScreen.storyboard */ = {
			isa = PBXVariantGroup;
			children = (
				B23BEA4321F68C080020AC1E /* Base */,
			);
			name = LaunchScreen.storyboard;
			sourceTree = "<group>";
		};
/* End PBXVariantGroup section */

/* Begin XCBuildConfiguration section */
		B23BEA5E21F68C080020AC1E /* Debug */ = {
			isa = XCBuildConfiguration;
			buildSettings = {
				ALWAYS_SEARCH_USER_PATHS = NO;
				CLANG_ANALYZER_NONNULL = YES;
				CLANG_ANALYZER_NUMBER_OBJECT_CONVERSION = YES_AGGRESSIVE;
				CLANG_CXX_LANGUAGE_STANDARD = "gnu++14";
				CLANG_CXX_LIBRARY = "libc++";
				CLANG_ENABLE_MODULES = YES;
				CLANG_ENABLE_OBJC_ARC = YES;
				CLANG_ENABLE_OBJC_WEAK = YES;
				CLANG_WARN_BLOCK_CAPTURE_AUTORELEASING = YES;
				CLANG_WARN_BOOL_CONVERSION = YES;
				CLANG_WARN_COMMA = YES;
				CLANG_WARN_CONSTANT_CONVERSION = YES;
				CLANG_WARN_DEPRECATED_OBJC_IMPLEMENTATIONS = YES;
				CLANG_WARN_DIRECT_OBJC_ISA_USAGE = YES_ERROR;
				CLANG_WARN_DOCUMENTATION_COMMENTS = YES;
				CLANG_WARN_EMPTY_BODY = YES;
				CLANG_WARN_ENUM_CONVERSION = YES;
				CLANG_WARN_INFINITE_RECURSION = YES;
				CLANG_WARN_INT_CONVERSION = YES;
				CLANG_WARN_NON_LITERAL_NULL_CONVERSION = YES;
				CLANG_WARN_OBJC_IMPLICIT_RETAIN_SELF = YES;
				CLANG_WARN_OBJC_LITERAL_CONVERSION = YES;
				CLANG_WARN_OBJC_ROOT_CLASS = YES_ERROR;
				CLANG_WARN_RANGE_LOOP_ANALYSIS = YES;
				CLANG_WARN_STRICT_PROTOTYPES = YES;
				CLANG_WARN_SUSPICIOUS_MOVE = YES;
				CLANG_WARN_UNGUARDED_AVAILABILITY = YES_AGGRESSIVE;
				CLANG_WARN_UNREACHABLE_CODE = YES;
				CLANG_WARN__DUPLICATE_METHOD_MATCH = YES;
				CODE_SIGN_IDENTITY = "iPhone Developer";
				COPY_PHASE_STRIP = NO;
				DEBUG_INFORMATION_FORMAT = dwarf;
				ENABLE_STRICT_OBJC_MSGSEND = YES;
				ENABLE_TESTABILITY = YES;
				GCC_C_LANGUAGE_STANDARD = gnu11;
				GCC_DYNAMIC_NO_PIC = NO;
				GCC_NO_COMMON_BLOCKS = YES;
				GCC_OPTIMIZATION_LEVEL = 0;
				GCC_PREPROCESSOR_DEFINITIONS = (
					"DEBUG=1",
					"$(inherited)",
				);
				GCC_WARN_64_TO_32_BIT_CONVERSION = YES;
				GCC_WARN_ABOUT_RETURN_TYPE = YES_ERROR;
				GCC_WARN_UNDECLARED_SELECTOR = YES;
				GCC_WARN_UNINITIALIZED_AUTOS = YES_AGGRESSIVE;
				GCC_WARN_UNUSED_FUNCTION = YES;
				GCC_WARN_UNUSED_VARIABLE = YES;
				IPHONEOS_DEPLOYMENT_TARGET = 12.1;
				MTL_ENABLE_DEBUG_INFO = INCLUDE_SOURCE;
				MTL_FAST_MATH = YES;
				ONLY_ACTIVE_ARCH = YES;
				SDKROOT = iphoneos;
			};
			name = Debug;
		};
		B23BEA5F21F68C080020AC1E /* Release */ = {
			isa = XCBuildConfiguration;
			buildSettings = {
				ALWAYS_SEARCH_USER_PATHS = NO;
				CLANG_ANALYZER_NONNULL = YES;
				CLANG_ANALYZER_NUMBER_OBJECT_CONVERSION = YES_AGGRESSIVE;
				CLANG_CXX_LANGUAGE_STANDARD = "gnu++14";
				CLANG_CXX_LIBRARY = "libc++";
				CLANG_ENABLE_MODULES = YES;
				CLANG_ENABLE_OBJC_ARC = YES;
				CLANG_ENABLE_OBJC_WEAK = YES;
				CLANG_WARN_BLOCK_CAPTURE_AUTORELEASING = YES;
				CLANG_WARN_BOOL_CONVERSION = YES;
				CLANG_WARN_COMMA = YES;
				CLANG_WARN_CONSTANT_CONVERSION = YES;
				CLANG_WARN_DEPRECATED_OBJC_IMPLEMENTATIONS = YES;
				CLANG_WARN_DIRECT_OBJC_ISA_USAGE = YES_ERROR;
				CLANG_WARN_DOCUMENTATION_COMMENTS = YES;
				CLANG_WARN_EMPTY_BODY = YES;
				CLANG_WARN_ENUM_CONVERSION = YES;
				CLANG_WARN_INFINITE_RECURSION = YES;
				CLANG_WARN_INT_CONVERSION = YES;
				CLANG_WARN_NON_LITERAL_NULL_CONVERSION = YES;
				CLANG_WARN_OBJC_IMPLICIT_RETAIN_SELF = YES;
				CLANG_WARN_OBJC_LITERAL_CONVERSION = YES;
				CLANG_WARN_OBJC_ROOT_CLASS = YES_ERROR;
				CLANG_WARN_RANGE_LOOP_ANALYSIS = YES;
				CLANG_WARN_STRICT_PROTOTYPES = YES;
				CLANG_WARN_SUSPICIOUS_MOVE = YES;
				CLANG_WARN_UNGUARDED_AVAILABILITY = YES_AGGRESSIVE;
				CLANG_WARN_UNREACHABLE_CODE = YES;
				CLANG_WARN__DUPLICATE_METHOD_MATCH = YES;
				CODE_SIGN_IDENTITY = "iPhone Developer";
				COPY_PHASE_STRIP = NO;
				DEBUG_INFORMATION_FORMAT = "dwarf-with-dsym";
				ENABLE_NS_ASSERTIONS = NO;
				ENABLE_STRICT_OBJC_MSGSEND = YES;
				GCC_C_LANGUAGE_STANDARD = gnu11;
				GCC_NO_COMMON_BLOCKS = YES;
				GCC_WARN_64_TO_32_BIT_CONVERSION = YES;
				GCC_WARN_ABOUT_RETURN_TYPE = YES_ERROR;
				GCC_WARN_UNDECLARED_SELECTOR = YES;
				GCC_WARN_UNINITIALIZED_AUTOS = YES_AGGRESSIVE;
				GCC_WARN_UNUSED_FUNCTION = YES;
				GCC_WARN_UNUSED_VARIABLE = YES;
				IPHONEOS_DEPLOYMENT_TARGET = 12.1;
				MTL_ENABLE_DEBUG_INFO = NO;
				MTL_FAST_MATH = YES;
				SDKROOT = iphoneos;
				VALIDATE_PRODUCT = YES;
			};
			name = Release;
		};
		B23BEA6121F68C080020AC1E /* Debug */ = {
			isa = XCBuildConfiguration;
			buildSettings = {
				ASSETCATALOG_COMPILER_APPICON_NAME = AppIcon;
				CODE_SIGN_STYLE = Automatic;
				INFOPLIST_FILE = ScrollViewImageGalleries/Info.plist;
				LD_RUNPATH_SEARCH_PATHS = (
					"$(inherited)",
					"@executable_path/Frameworks",
				);
				PRODUCT_BUNDLE_IDENTIFIER = jchang.ScrollViewImageGalleries;
				PRODUCT_NAME = "$(TARGET_NAME)";
				TARGETED_DEVICE_FAMILY = "1,2";
			};
			name = Debug;
		};
		B23BEA6221F68C080020AC1E /* Release */ = {
			isa = XCBuildConfiguration;
			buildSettings = {
				ASSETCATALOG_COMPILER_APPICON_NAME = AppIcon;
				CODE_SIGN_STYLE = Automatic;
				INFOPLIST_FILE = ScrollViewImageGalleries/Info.plist;
				LD_RUNPATH_SEARCH_PATHS = (
					"$(inherited)",
					"@executable_path/Frameworks",
				);
				PRODUCT_BUNDLE_IDENTIFIER = jchang.ScrollViewImageGalleries;
				PRODUCT_NAME = "$(TARGET_NAME)";
				TARGETED_DEVICE_FAMILY = "1,2";
			};
			name = Release;
		};
		B23BEA6421F68C080020AC1E /* Debug */ = {
			isa = XCBuildConfiguration;
			buildSettings = {
				BUNDLE_LOADER = "$(TEST_HOST)";
				CODE_SIGN_STYLE = Automatic;
				INFOPLIST_FILE = ScrollViewImageGalleriesTests/Info.plist;
				LD_RUNPATH_SEARCH_PATHS = (
					"$(inherited)",
					"@executable_path/Frameworks",
					"@loader_path/Frameworks",
				);
				PRODUCT_BUNDLE_IDENTIFIER = jchang.ScrollViewImageGalleriesTests;
				PRODUCT_NAME = "$(TARGET_NAME)";
				TARGETED_DEVICE_FAMILY = "1,2";
				TEST_HOST = "$(BUILT_PRODUCTS_DIR)/ScrollViewImageGalleries.app/ScrollViewImageGalleries";
			};
			name = Debug;
		};
		B23BEA6521F68C080020AC1E /* Release */ = {
			isa = XCBuildConfiguration;
			buildSettings = {
				BUNDLE_LOADER = "$(TEST_HOST)";
				CODE_SIGN_STYLE = Automatic;
				INFOPLIST_FILE = ScrollViewImageGalleriesTests/Info.plist;
				LD_RUNPATH_SEARCH_PATHS = (
					"$(inherited)",
					"@executable_path/Frameworks",
					"@loader_path/Frameworks",
				);
				PRODUCT_BUNDLE_IDENTIFIER = jchang.ScrollViewImageGalleriesTests;
				PRODUCT_NAME = "$(TARGET_NAME)";
				TARGETED_DEVICE_FAMILY = "1,2";
				TEST_HOST = "$(BUILT_PRODUCTS_DIR)/ScrollViewImageGalleries.app/ScrollViewImageGalleries";
			};
			name = Release;
		};
		B23BEA6721F68C080020AC1E /* Debug */ = {
			isa = XCBuildConfiguration;
			buildSettings = {
				CODE_SIGN_STYLE = Automatic;
				INFOPLIST_FILE = ScrollViewImageGalleriesUITests/Info.plist;
				LD_RUNPATH_SEARCH_PATHS = (
					"$(inherited)",
					"@executable_path/Frameworks",
					"@loader_path/Frameworks",
				);
				PRODUCT_BUNDLE_IDENTIFIER = jchang.ScrollViewImageGalleriesUITests;
				PRODUCT_NAME = "$(TARGET_NAME)";
				TARGETED_DEVICE_FAMILY = "1,2";
				TEST_TARGET_NAME = ScrollViewImageGalleries;
			};
			name = Debug;
		};
		B23BEA6821F68C080020AC1E /* Release */ = {
			isa = XCBuildConfiguration;
			buildSettings = {
				CODE_SIGN_STYLE = Automatic;
				INFOPLIST_FILE = ScrollViewImageGalleriesUITests/Info.plist;
				LD_RUNPATH_SEARCH_PATHS = (
					"$(inherited)",
					"@executable_path/Frameworks",
					"@loader_path/Frameworks",
				);
				PRODUCT_BUNDLE_IDENTIFIER = jchang.ScrollViewImageGalleriesUITests;
				PRODUCT_NAME = "$(TARGET_NAME)";
				TARGETED_DEVICE_FAMILY = "1,2";
				TEST_TARGET_NAME = ScrollViewImageGalleries;
			};
			name = Release;
		};
/* End XCBuildConfiguration section */

/* Begin XCConfigurationList section */
		B23BEA2F21F68C070020AC1E /* Build configuration list for PBXProject "ScrollViewImageGalleries" */ = {
			isa = XCConfigurationList;
			buildConfigurations = (
				B23BEA5E21F68C080020AC1E /* Debug */,
				B23BEA5F21F68C080020AC1E /* Release */,
			);
			defaultConfigurationIsVisible = 0;
			defaultConfigurationName = Release;
		};
		B23BEA6021F68C080020AC1E /* Build configuration list for PBXNativeTarget "ScrollViewImageGalleries" */ = {
			isa = XCConfigurationList;
			buildConfigurations = (
				B23BEA6121F68C080020AC1E /* Debug */,
				B23BEA6221F68C080020AC1E /* Release */,
			);
			defaultConfigurationIsVisible = 0;
			defaultConfigurationName = Release;
		};
		B23BEA6321F68C080020AC1E /* Build configuration list for PBXNativeTarget "ScrollViewImageGalleriesTests" */ = {
			isa = XCConfigurationList;
			buildConfigurations = (
				B23BEA6421F68C080020AC1E /* Debug */,
				B23BEA6521F68C080020AC1E /* Release */,
			);
			defaultConfigurationIsVisible = 0;
			defaultConfigurationName = Release;
		};
		B23BEA6621F68C080020AC1E /* Build configuration list for PBXNativeTarget "ScrollViewImageGalleriesUITests" */ = {
			isa = XCConfigurationList;
			buildConfigurations = (
				B23BEA6721F68C080020AC1E /* Debug */,
				B23BEA6821F68C080020AC1E /* Release */,
			);
			defaultConfigurationIsVisible = 0;
			defaultConfigurationName = Release;
		};
/* End XCConfigurationList section */
	};
	rootObject = B23BEA2C21F68C070020AC1E /* Project object */;
}
